// !$*UTF8*$!
{
	archiveVersion = 1;
	classes = {
	};
	objectVersion = 46;
	objects = {

/* Begin PBXBuildFile section */
		902533951DF4997200EE2F61 /* LocationMapViewController.swift in Sources */ = {isa = PBXBuildFile; fileRef = 902533941DF4997200EE2F61 /* LocationMapViewController.swift */; };
		9036DEAC1DED7E2800567827 /* AppDelegate.swift in Sources */ = {isa = PBXBuildFile; fileRef = 9036DEAB1DED7E2800567827 /* AppDelegate.swift */; };
		9036DEAE1DED7E2800567827 /* LoginViewController.swift in Sources */ = {isa = PBXBuildFile; fileRef = 9036DEAD1DED7E2800567827 /* LoginViewController.swift */; };
		9036DEB11DED7E2800567827 /* Main.storyboard in Resources */ = {isa = PBXBuildFile; fileRef = 9036DEAF1DED7E2800567827 /* Main.storyboard */; };
		9036DEB31DED7E2800567827 /* Assets.xcassets in Resources */ = {isa = PBXBuildFile; fileRef = 9036DEB21DED7E2800567827 /* Assets.xcassets */; };
		9036DEB61DED7E2800567827 /* LaunchScreen.storyboard in Resources */ = {isa = PBXBuildFile; fileRef = 9036DEB41DED7E2800567827 /* LaunchScreen.storyboard */; };
		903C71721DF4D75D00B58CE5 /* LocationViewController.swift in Sources */ = {isa = PBXBuildFile; fileRef = 903C71711DF4D75D00B58CE5 /* LocationViewController.swift */; };
		903C71741DF4E1AC00B58CE5 /* LocationTableViewController.swift in Sources */ = {isa = PBXBuildFile; fileRef = 903C71731DF4E1AC00B58CE5 /* LocationTableViewController.swift */; };
		9074FDE11DF5810B004BC01C /* PostLocationViewController.swift in Sources */ = {isa = PBXBuildFile; fileRef = 9074FDE01DF5810B004BC01C /* PostLocationViewController.swift */; };
		90A13E0F1DF43D6300F71FC2 /* TabBarViewController.swift in Sources */ = {isa = PBXBuildFile; fileRef = 90A13E0E1DF43D6300F71FC2 /* TabBarViewController.swift */; };
		90AB89B41DF0223F001DC8DB /* UdacityClient.swift in Sources */ = {isa = PBXBuildFile; fileRef = 90AB89B31DF0223F001DC8DB /* UdacityClient.swift */; };
		90AB89B61DF0224D001DC8DB /* UdacityConstants.swift in Sources */ = {isa = PBXBuildFile; fileRef = 90AB89B51DF0224D001DC8DB /* UdacityConstants.swift */; };
		90AB89B81DF03FD7001DC8DB /* HTTPClient.swift in Sources */ = {isa = PBXBuildFile; fileRef = 90AB89B71DF03FD7001DC8DB /* HTTPClient.swift */; };
		90F23B131DF4500F008A6A54 /* ParseClient.swift in Sources */ = {isa = PBXBuildFile; fileRef = 90F23B121DF4500F008A6A54 /* ParseClient.swift */; };
		90F23B151DF4501B008A6A54 /* ParseConstants.swift in Sources */ = {isa = PBXBuildFile; fileRef = 90F23B141DF4501B008A6A54 /* ParseConstants.swift */; };
		90F23B171DF46377008A6A54 /* LocationDataSource.swift in Sources */ = {isa = PBXBuildFile; fileRef = 90F23B161DF46377008A6A54 /* LocationDataSource.swift */; };
		90F23B191DF463FD008A6A54 /* StudentLocation.swift in Sources */ = {isa = PBXBuildFile; fileRef = 90F23B181DF463FD008A6A54 /* StudentLocation.swift */; };
		90F60C401DEDBBDA009BB5D8 /* CustomButton.swift in Sources */ = {isa = PBXBuildFile; fileRef = 90F60C3F1DEDBBDA009BB5D8 /* CustomButton.swift */; };
		90F60C421DEE1FC1009BB5D8 /* Constants.swift in Sources */ = {isa = PBXBuildFile; fileRef = 90F60C411DEE1FC1009BB5D8 /* Constants.swift */; };
		90F60C471DEEF748009BB5D8 /* Roboto-Medium.ttf in Resources */ = {isa = PBXBuildFile; fileRef = 90F60C441DEEF720009BB5D8 /* Roboto-Medium.ttf */; };
		90F60C481DEEF74A009BB5D8 /* Roboto-Regular.ttf in Resources */ = {isa = PBXBuildFile; fileRef = 90F60C451DEEF720009BB5D8 /* Roboto-Regular.ttf */; };
		90F60C491DEEF74C009BB5D8 /* Roboto-Thin.ttf in Resources */ = {isa = PBXBuildFile; fileRef = 90F60C461DEEF720009BB5D8 /* Roboto-Thin.ttf */; };
		90F60CA51DEF452A009BB5D8 /* FacebookCore.framework in Frameworks */ = {isa = PBXBuildFile; fileRef = 90F60CA01DEF452A009BB5D8 /* FacebookCore.framework */; };
		90F60CA61DEF452A009BB5D8 /* FacebookLogin.framework in Frameworks */ = {isa = PBXBuildFile; fileRef = 90F60CA11DEF452A009BB5D8 /* FacebookLogin.framework */; };
		90F60CA71DEF452A009BB5D8 /* FBSDKCoreKit.framework in Frameworks */ = {isa = PBXBuildFile; fileRef = 90F60CA21DEF452A009BB5D8 /* FBSDKCoreKit.framework */; };
		90F60CA81DEF452A009BB5D8 /* FBSDKLoginKit.framework in Frameworks */ = {isa = PBXBuildFile; fileRef = 90F60CA31DEF452A009BB5D8 /* FBSDKLoginKit.framework */; };
		90F60CA91DEF4532009BB5D8 /* Bolts.framework in Frameworks */ = {isa = PBXBuildFile; fileRef = 90F60C9F1DEF452A009BB5D8 /* Bolts.framework */; };
		90F60CAA1DEF4532009BB5D8 /* Bolts.framework in Embed Frameworks */ = {isa = PBXBuildFile; fileRef = 90F60C9F1DEF452A009BB5D8 /* Bolts.framework */; settings = {ATTRIBUTES = (CodeSignOnCopy, RemoveHeadersOnCopy, ); }; };
		90F60CAC1DEF4532009BB5D8 /* FacebookCore.framework in Embed Frameworks */ = {isa = PBXBuildFile; fileRef = 90F60CA01DEF452A009BB5D8 /* FacebookCore.framework */; settings = {ATTRIBUTES = (CodeSignOnCopy, RemoveHeadersOnCopy, ); }; };
		90F60CAE1DEF4532009BB5D8 /* FacebookLogin.framework in Embed Frameworks */ = {isa = PBXBuildFile; fileRef = 90F60CA11DEF452A009BB5D8 /* FacebookLogin.framework */; settings = {ATTRIBUTES = (CodeSignOnCopy, RemoveHeadersOnCopy, ); }; };
		90F60CB01DEF4532009BB5D8 /* FBSDKCoreKit.framework in Embed Frameworks */ = {isa = PBXBuildFile; fileRef = 90F60CA21DEF452A009BB5D8 /* FBSDKCoreKit.framework */; settings = {ATTRIBUTES = (CodeSignOnCopy, RemoveHeadersOnCopy, ); }; };
		90F60CB21DEF4532009BB5D8 /* FBSDKLoginKit.framework in Embed Frameworks */ = {isa = PBXBuildFile; fileRef = 90F60CA31DEF452A009BB5D8 /* FBSDKLoginKit.framework */; settings = {ATTRIBUTES = (CodeSignOnCopy, RemoveHeadersOnCopy, ); }; };
/* End PBXBuildFile section */

/* Begin PBXCopyFilesBuildPhase section */
		90F60CB31DEF4532009BB5D8 /* Embed Frameworks */ = {
			isa = PBXCopyFilesBuildPhase;
			buildActionMask = 2147483647;
			dstPath = "";
			dstSubfolderSpec = 10;
			files = (
				90F60CAA1DEF4532009BB5D8 /* Bolts.framework in Embed Frameworks */,
				90F60CB01DEF4532009BB5D8 /* FBSDKCoreKit.framework in Embed Frameworks */,
				90F60CB21DEF4532009BB5D8 /* FBSDKLoginKit.framework in Embed Frameworks */,
				90F60CAE1DEF4532009BB5D8 /* FacebookLogin.framework in Embed Frameworks */,
				90F60CAC1DEF4532009BB5D8 /* FacebookCore.framework in Embed Frameworks */,
			);
			name = "Embed Frameworks";
			runOnlyForDeploymentPostprocessing = 0;
		};
/* End PBXCopyFilesBuildPhase section */

/* Begin PBXFileReference section */
		902533941DF4997200EE2F61 /* LocationMapViewController.swift */ = {isa = PBXFileReference; fileEncoding = 4; lastKnownFileType = sourcecode.swift; path = LocationMapViewController.swift; sourceTree = "<group>"; };
		9036DEA81DED7E2800567827 /* OnTheMap.app */ = {isa = PBXFileReference; explicitFileType = wrapper.application; includeInIndex = 0; path = OnTheMap.app; sourceTree = BUILT_PRODUCTS_DIR; };
		9036DEAB1DED7E2800567827 /* AppDelegate.swift */ = {isa = PBXFileReference; lastKnownFileType = sourcecode.swift; path = AppDelegate.swift; sourceTree = "<group>"; };
		9036DEAD1DED7E2800567827 /* LoginViewController.swift */ = {isa = PBXFileReference; lastKnownFileType = sourcecode.swift; path = LoginViewController.swift; sourceTree = "<group>"; };
		9036DEB01DED7E2800567827 /* Base */ = {isa = PBXFileReference; lastKnownFileType = file.storyboard; name = Base; path = Base.lproj/Main.storyboard; sourceTree = "<group>"; };
		9036DEB21DED7E2800567827 /* Assets.xcassets */ = {isa = PBXFileReference; lastKnownFileType = folder.assetcatalog; path = Assets.xcassets; sourceTree = "<group>"; };
		9036DEB51DED7E2800567827 /* Base */ = {isa = PBXFileReference; lastKnownFileType = file.storyboard; name = Base; path = Base.lproj/LaunchScreen.storyboard; sourceTree = "<group>"; };
		9036DEB71DED7E2800567827 /* Info.plist */ = {isa = PBXFileReference; lastKnownFileType = text.plist.xml; path = Info.plist; sourceTree = "<group>"; };
		903C71711DF4D75D00B58CE5 /* LocationViewController.swift */ = {isa = PBXFileReference; fileEncoding = 4; lastKnownFileType = sourcecode.swift; path = LocationViewController.swift; sourceTree = "<group>"; };
		903C71731DF4E1AC00B58CE5 /* LocationTableViewController.swift */ = {isa = PBXFileReference; fileEncoding = 4; lastKnownFileType = sourcecode.swift; path = LocationTableViewController.swift; sourceTree = "<group>"; };
		9074FDE01DF5810B004BC01C /* PostLocationViewController.swift */ = {isa = PBXFileReference; fileEncoding = 4; lastKnownFileType = sourcecode.swift; path = PostLocationViewController.swift; sourceTree = "<group>"; };
		90A13E0E1DF43D6300F71FC2 /* TabBarViewController.swift */ = {isa = PBXFileReference; fileEncoding = 4; lastKnownFileType = sourcecode.swift; name = TabBarViewController.swift; path = ../TabBarViewController.swift; sourceTree = "<group>"; };
		90AB89B31DF0223F001DC8DB /* UdacityClient.swift */ = {isa = PBXFileReference; fileEncoding = 4; lastKnownFileType = sourcecode.swift; path = UdacityClient.swift; sourceTree = "<group>"; };
		90AB89B51DF0224D001DC8DB /* UdacityConstants.swift */ = {isa = PBXFileReference; fileEncoding = 4; lastKnownFileType = sourcecode.swift; path = UdacityConstants.swift; sourceTree = "<group>"; };
		90AB89B71DF03FD7001DC8DB /* HTTPClient.swift */ = {isa = PBXFileReference; fileEncoding = 4; lastKnownFileType = sourcecode.swift; path = HTTPClient.swift; sourceTree = "<group>"; };
		90F23B121DF4500F008A6A54 /* ParseClient.swift */ = {isa = PBXFileReference; fileEncoding = 4; lastKnownFileType = sourcecode.swift; path = ParseClient.swift; sourceTree = "<group>"; };
		90F23B141DF4501B008A6A54 /* ParseConstants.swift */ = {isa = PBXFileReference; fileEncoding = 4; lastKnownFileType = sourcecode.swift; path = ParseConstants.swift; sourceTree = "<group>"; };
		90F23B161DF46377008A6A54 /* LocationDataSource.swift */ = {isa = PBXFileReference; fileEncoding = 4; lastKnownFileType = sourcecode.swift; path = LocationDataSource.swift; sourceTree = "<group>"; };
		90F23B181DF463FD008A6A54 /* StudentLocation.swift */ = {isa = PBXFileReference; fileEncoding = 4; lastKnownFileType = sourcecode.swift; path = StudentLocation.swift; sourceTree = "<group>"; };
		90F60C3F1DEDBBDA009BB5D8 /* CustomButton.swift */ = {isa = PBXFileReference; fileEncoding = 4; lastKnownFileType = sourcecode.swift; path = CustomButton.swift; sourceTree = "<group>"; };
		90F60C411DEE1FC1009BB5D8 /* Constants.swift */ = {isa = PBXFileReference; fileEncoding = 4; lastKnownFileType = sourcecode.swift; path = Constants.swift; sourceTree = "<group>"; };
		90F60C441DEEF720009BB5D8 /* Roboto-Medium.ttf */ = {isa = PBXFileReference; lastKnownFileType = file; path = "Roboto-Medium.ttf"; sourceTree = "<group>"; };
		90F60C451DEEF720009BB5D8 /* Roboto-Regular.ttf */ = {isa = PBXFileReference; lastKnownFileType = file; path = "Roboto-Regular.ttf"; sourceTree = "<group>"; };
		90F60C461DEEF720009BB5D8 /* Roboto-Thin.ttf */ = {isa = PBXFileReference; lastKnownFileType = file; path = "Roboto-Thin.ttf"; sourceTree = "<group>"; };
		90F60C9F1DEF452A009BB5D8 /* Bolts.framework */ = {isa = PBXFileReference; lastKnownFileType = wrapper.framework; path = Bolts.framework; sourceTree = "<group>"; };
		90F60CA01DEF452A009BB5D8 /* FacebookCore.framework */ = {isa = PBXFileReference; lastKnownFileType = wrapper.framework; path = FacebookCore.framework; sourceTree = "<group>"; };
		90F60CA11DEF452A009BB5D8 /* FacebookLogin.framework */ = {isa = PBXFileReference; lastKnownFileType = wrapper.framework; path = FacebookLogin.framework; sourceTree = "<group>"; };
		90F60CA21DEF452A009BB5D8 /* FBSDKCoreKit.framework */ = {isa = PBXFileReference; lastKnownFileType = wrapper.framework; path = FBSDKCoreKit.framework; sourceTree = "<group>"; };
		90F60CA31DEF452A009BB5D8 /* FBSDKLoginKit.framework */ = {isa = PBXFileReference; lastKnownFileType = wrapper.framework; path = FBSDKLoginKit.framework; sourceTree = "<group>"; };
/* End PBXFileReference section */

/* Begin PBXFrameworksBuildPhase section */
		9036DEA51DED7E2800567827 /* Frameworks */ = {
			isa = PBXFrameworksBuildPhase;
			buildActionMask = 2147483647;
			files = (
				90F60CA71DEF452A009BB5D8 /* FBSDKCoreKit.framework in Frameworks */,
				90F60CA81DEF452A009BB5D8 /* FBSDKLoginKit.framework in Frameworks */,
				90F60CA91DEF4532009BB5D8 /* Bolts.framework in Frameworks */,
				90F60CA61DEF452A009BB5D8 /* FacebookLogin.framework in Frameworks */,
				90F60CA51DEF452A009BB5D8 /* FacebookCore.framework in Frameworks */,
			);
			runOnlyForDeploymentPostprocessing = 0;
		};
/* End PBXFrameworksBuildPhase section */

/* Begin PBXGroup section */
		9036DE9F1DED7E2800567827 = {
			isa = PBXGroup;
			children = (
				9036DEAA1DED7E2800567827 /* OnTheMap */,
				9036DEA91DED7E2800567827 /* Products */,
			);
			sourceTree = "<group>";
		};
		9036DEA91DED7E2800567827 /* Products */ = {
			isa = PBXGroup;
			children = (
				9036DEA81DED7E2800567827 /* OnTheMap.app */,
			);
			name = Products;
			sourceTree = "<group>";
		};
		9036DEAA1DED7E2800567827 /* OnTheMap */ = {
			isa = PBXGroup;
			children = (
				90F23B1A1DF46991008A6A54 /* Controller */,
				90AB89B01DF0220C001DC8DB /* Model */,
				90F60C9E1DEF4522009BB5D8 /* Frameworks */,
				90F60C431DEEF708009BB5D8 /* Resources */,
				9036DEAB1DED7E2800567827 /* AppDelegate.swift */,
				9036DEAF1DED7E2800567827 /* Main.storyboard */,
				9036DEB41DED7E2800567827 /* LaunchScreen.storyboard */,
				9036DEB71DED7E2800567827 /* Info.plist */,
				90AB89AF1DEF5311001DC8DB /* View */,
				90F60C411DEE1FC1009BB5D8 /* Constants.swift */,
			);
			path = OnTheMap;
			sourceTree = "<group>";
		};
		90AB89AF1DEF5311001DC8DB /* View */ = {
			isa = PBXGroup;
			children = (
				90F60C3F1DEDBBDA009BB5D8 /* CustomButton.swift */,
			);
			name = View;
			sourceTree = "<group>";
		};
		90AB89B01DF0220C001DC8DB /* Model */ = {
			isa = PBXGroup;
			children = (
				90F23B161DF46377008A6A54 /* LocationDataSource.swift */,
				90F23B181DF463FD008A6A54 /* StudentLocation.swift */,
				90AB89B11DF02212001DC8DB /* Clients */,
			);
			name = Model;
			sourceTree = "<group>";
		};
		90AB89B11DF02212001DC8DB /* Clients */ = {
			isa = PBXGroup;
			children = (
				90F23B111DF45000008A6A54 /* Parse */,
				90AB89B21DF0222E001DC8DB /* Udacity */,
				90AB89B71DF03FD7001DC8DB /* HTTPClient.swift */,
			);
			name = Clients;
			sourceTree = "<group>";
		};
		90AB89B21DF0222E001DC8DB /* Udacity */ = {
			isa = PBXGroup;
			children = (
				90AB89B31DF0223F001DC8DB /* UdacityClient.swift */,
				90AB89B51DF0224D001DC8DB /* UdacityConstants.swift */,
			);
			name = Udacity;
			sourceTree = "<group>";
		};
		90F23B111DF45000008A6A54 /* Parse */ = {
			isa = PBXGroup;
			children = (
				90F23B121DF4500F008A6A54 /* ParseClient.swift */,
				90F23B141DF4501B008A6A54 /* ParseConstants.swift */,
			);
			name = Parse;
			sourceTree = "<group>";
		};
		90F23B1A1DF46991008A6A54 /* Controller */ = {
			isa = PBXGroup;
			children = (
				9036DEAD1DED7E2800567827 /* LoginViewController.swift */,
				90A13E0E1DF43D6300F71FC2 /* TabBarViewController.swift */,
				902533941DF4997200EE2F61 /* LocationMapViewController.swift */,
				903C71711DF4D75D00B58CE5 /* LocationViewController.swift */,
				903C71731DF4E1AC00B58CE5 /* LocationTableViewController.swift */,
				9074FDE01DF5810B004BC01C /* PostLocationViewController.swift */,
			);
			name = Controller;
			sourceTree = "<group>";
		};
		90F60C431DEEF708009BB5D8 /* Resources */ = {
			isa = PBXGroup;
			children = (
				90F60C441DEEF720009BB5D8 /* Roboto-Medium.ttf */,
				90F60C451DEEF720009BB5D8 /* Roboto-Regular.ttf */,
				90F60C461DEEF720009BB5D8 /* Roboto-Thin.ttf */,
				9036DEB21DED7E2800567827 /* Assets.xcassets */,
			);
			name = Resources;
			sourceTree = "<group>";
		};
		90F60C9E1DEF4522009BB5D8 /* Frameworks */ = {
			isa = PBXGroup;
			children = (
				90F60C9F1DEF452A009BB5D8 /* Bolts.framework */,
				90F60CA01DEF452A009BB5D8 /* FacebookCore.framework */,
				90F60CA11DEF452A009BB5D8 /* FacebookLogin.framework */,
				90F60CA21DEF452A009BB5D8 /* FBSDKCoreKit.framework */,
				90F60CA31DEF452A009BB5D8 /* FBSDKLoginKit.framework */,
			);
			name = Frameworks;
			sourceTree = "<group>";
		};
/* End PBXGroup section */

/* Begin PBXNativeTarget section */
		9036DEA71DED7E2800567827 /* OnTheMap */ = {
			isa = PBXNativeTarget;
			buildConfigurationList = 9036DEBA1DED7E2800567827 /* Build configuration list for PBXNativeTarget "OnTheMap" */;
			buildPhases = (
				9036DEA41DED7E2800567827 /* Sources */,
				9036DEA51DED7E2800567827 /* Frameworks */,
				9036DEA61DED7E2800567827 /* Resources */,
				90F60CB31DEF4532009BB5D8 /* Embed Frameworks */,
			);
			buildRules = (
			);
			dependencies = (
			);
			name = OnTheMap;
			productName = OnTheMap;
			productReference = 9036DEA81DED7E2800567827 /* OnTheMap.app */;
			productType = "com.apple.product-type.application";
		};
/* End PBXNativeTarget section */

/* Begin PBXProject section */
		9036DEA01DED7E2800567827 /* Project object */ = {
			isa = PBXProject;
			attributes = {
				LastSwiftUpdateCheck = 0810;
				LastUpgradeCheck = 0810;
				ORGANIZATIONNAME = "André Brinkop";
				TargetAttributes = {
					9036DEA71DED7E2800567827 = {
						CreatedOnToolsVersion = 8.1;
						DevelopmentTeam = J2YTLC2SAF;
						ProvisioningStyle = Automatic;
					};
				};
			};
			buildConfigurationList = 9036DEA31DED7E2800567827 /* Build configuration list for PBXProject "OnTheMap" */;
			compatibilityVersion = "Xcode 3.2";
			developmentRegion = English;
			hasScannedForEncodings = 0;
			knownRegions = (
				en,
				Base,
			);
			mainGroup = 9036DE9F1DED7E2800567827;
			productRefGroup = 9036DEA91DED7E2800567827 /* Products */;
			projectDirPath = "";
			projectRoot = "";
			targets = (
				9036DEA71DED7E2800567827 /* OnTheMap */,
			);
		};
/* End PBXProject section */

/* Begin PBXResourcesBuildPhase section */
		9036DEA61DED7E2800567827 /* Resources */ = {
			isa = PBXResourcesBuildPhase;
			buildActionMask = 2147483647;
			files = (
				90F60C471DEEF748009BB5D8 /* Roboto-Medium.ttf in Resources */,
				9036DEB61DED7E2800567827 /* LaunchScreen.storyboard in Resources */,
				90F60C491DEEF74C009BB5D8 /* Roboto-Thin.ttf in Resources */,
				90F60C481DEEF74A009BB5D8 /* Roboto-Regular.ttf in Resources */,
				9036DEB31DED7E2800567827 /* Assets.xcassets in Resources */,
				9036DEB11DED7E2800567827 /* Main.storyboard in Resources */,
			);
			runOnlyForDeploymentPostprocessing = 0;
		};
/* End PBXResourcesBuildPhase section */

/* Begin PBXSourcesBuildPhase section */
		9036DEA41DED7E2800567827 /* Sources */ = {
			isa = PBXSourcesBuildPhase;
			buildActionMask = 2147483647;
			files = (
				903C71721DF4D75D00B58CE5 /* LocationViewController.swift in Sources */,
				90F23B191DF463FD008A6A54 /* StudentLocation.swift in Sources */,
				9074FDE11DF5810B004BC01C /* PostLocationViewController.swift in Sources */,
				90F23B131DF4500F008A6A54 /* ParseClient.swift in Sources */,
				90A13E0F1DF43D6300F71FC2 /* TabBarViewController.swift in Sources */,
				90AB89B41DF0223F001DC8DB /* UdacityClient.swift in Sources */,
				902533951DF4997200EE2F61 /* LocationMapViewController.swift in Sources */,
				90F23B151DF4501B008A6A54 /* ParseConstants.swift in Sources */,
				9036DEAE1DED7E2800567827 /* LoginViewController.swift in Sources */,
				903C71741DF4E1AC00B58CE5 /* LocationTableViewController.swift in Sources */,
				90F60C421DEE1FC1009BB5D8 /* Constants.swift in Sources */,
				90AB89B81DF03FD7001DC8DB /* HTTPClient.swift in Sources */,
				90F60C401DEDBBDA009BB5D8 /* CustomButton.swift in Sources */,
				9036DEAC1DED7E2800567827 /* AppDelegate.swift in Sources */,
				90F23B171DF46377008A6A54 /* LocationDataSource.swift in Sources */,
				90AB89B61DF0224D001DC8DB /* UdacityConstants.swift in Sources */,
			);
			runOnlyForDeploymentPostprocessing = 0;
		};
/* End PBXSourcesBuildPhase section */

/* Begin PBXVariantGroup section */
		9036DEAF1DED7E2800567827 /* Main.storyboard */ = {
			isa = PBXVariantGroup;
			children = (
				9036DEB01DED7E2800567827 /* Base */,
			);
			name = Main.storyboard;
			sourceTree = "<group>";
		};
		9036DEB41DED7E2800567827 /* LaunchScreen.storyboard */ = {
			isa = PBXVariantGroup;
			children = (
				9036DEB51DED7E2800567827 /* Base */,
			);
			name = LaunchScreen.storyboard;
			sourceTree = "<group>";
		};
/* End PBXVariantGroup section */

/* Begin XCBuildConfiguration section */
		9036DEB81DED7E2800567827 /* Debug */ = {
			isa = XCBuildConfiguration;
			buildSettings = {
				ALWAYS_SEARCH_USER_PATHS = NO;
				CLANG_ANALYZER_NONNULL = YES;
				CLANG_CXX_LANGUAGE_STANDARD = "gnu++0x";
				CLANG_CXX_LIBRARY = "libc++";
				CLANG_ENABLE_MODULES = YES;
				CLANG_ENABLE_OBJC_ARC = YES;
				CLANG_WARN_BOOL_CONVERSION = YES;
				CLANG_WARN_CONSTANT_CONVERSION = YES;
				CLANG_WARN_DIRECT_OBJC_ISA_USAGE = YES_ERROR;
				CLANG_WARN_DOCUMENTATION_COMMENTS = YES;
				CLANG_WARN_EMPTY_BODY = YES;
				CLANG_WARN_ENUM_CONVERSION = YES;
				CLANG_WARN_INFINITE_RECURSION = YES;
				CLANG_WARN_INT_CONVERSION = YES;
				CLANG_WARN_OBJC_ROOT_CLASS = YES_ERROR;
				CLANG_WARN_SUSPICIOUS_MOVES = YES;
				CLANG_WARN_UNREACHABLE_CODE = YES;
				CLANG_WARN__DUPLICATE_METHOD_MATCH = YES;
				"CODE_SIGN_IDENTITY[sdk=iphoneos*]" = "iPhone Developer";
				COPY_PHASE_STRIP = NO;
				DEBUG_INFORMATION_FORMAT = dwarf;
				ENABLE_STRICT_OBJC_MSGSEND = YES;
				ENABLE_TESTABILITY = YES;
				GCC_C_LANGUAGE_STANDARD = gnu99;
				GCC_DYNAMIC_NO_PIC = NO;
				GCC_NO_COMMON_BLOCKS = YES;
				GCC_OPTIMIZATION_LEVEL = 0;
				GCC_PREPROCESSOR_DEFINITIONS = (
					"DEBUG=1",
					"$(inherited)",
				);
				GCC_WARN_64_TO_32_BIT_CONVERSION = YES;
				GCC_WARN_ABOUT_RETURN_TYPE = YES_ERROR;
				GCC_WARN_UNDECLARED_SELECTOR = YES;
				GCC_WARN_UNINITIALIZED_AUTOS = YES_AGGRESSIVE;
				GCC_WARN_UNUSED_FUNCTION = YES;
				GCC_WARN_UNUSED_VARIABLE = YES;
				IPHONEOS_DEPLOYMENT_TARGET = 10.1;
				MTL_ENABLE_DEBUG_INFO = YES;
				ONLY_ACTIVE_ARCH = YES;
				SDKROOT = iphoneos;
				SWIFT_ACTIVE_COMPILATION_CONDITIONS = DEBUG;
				SWIFT_OPTIMIZATION_LEVEL = "-Onone";
				TARGETED_DEVICE_FAMILY = "1,2";
			};
			name = Debug;
		};
		9036DEB91DED7E2800567827 /* Release */ = {
			isa = XCBuildConfiguration;
			buildSettings = {
				ALWAYS_SEARCH_USER_PATHS = NO;
				CLANG_ANALYZER_NONNULL = YES;
				CLANG_CXX_LANGUAGE_STANDARD = "gnu++0x";
				CLANG_CXX_LIBRARY = "libc++";
				CLANG_ENABLE_MODULES = YES;
				CLANG_ENABLE_OBJC_ARC = YES;
				CLANG_WARN_BOOL_CONVERSION = YES;
				CLANG_WARN_CONSTANT_CONVERSION = YES;
				CLANG_WARN_DIRECT_OBJC_ISA_USAGE = YES_ERROR;
				CLANG_WARN_DOCUMENTATION_COMMENTS = YES;
				CLANG_WARN_EMPTY_BODY = YES;
				CLANG_WARN_ENUM_CONVERSION = YES;
				CLANG_WARN_INFINITE_RECURSION = YES;
				CLANG_WARN_INT_CONVERSION = YES;
				CLANG_WARN_OBJC_ROOT_CLASS = YES_ERROR;
				CLANG_WARN_SUSPICIOUS_MOVES = YES;
				CLANG_WARN_UNREACHABLE_CODE = YES;
				CLANG_WARN__DUPLICATE_METHOD_MATCH = YES;
				"CODE_SIGN_IDENTITY[sdk=iphoneos*]" = "iPhone Developer";
				COPY_PHASE_STRIP = NO;
				DEBUG_INFORMATION_FORMAT = "dwarf-with-dsym";
				ENABLE_NS_ASSERTIONS = NO;
				ENABLE_STRICT_OBJC_MSGSEND = YES;
				GCC_C_LANGUAGE_STANDARD = gnu99;
				GCC_NO_COMMON_BLOCKS = YES;
				GCC_WARN_64_TO_32_BIT_CONVERSION = YES;
				GCC_WARN_ABOUT_RETURN_TYPE = YES_ERROR;
				GCC_WARN_UNDECLARED_SELECTOR = YES;
				GCC_WARN_UNINITIALIZED_AUTOS = YES_AGGRESSIVE;
				GCC_WARN_UNUSED_FUNCTION = YES;
				GCC_WARN_UNUSED_VARIABLE = YES;
				IPHONEOS_DEPLOYMENT_TARGET = 10.1;
				MTL_ENABLE_DEBUG_INFO = NO;
				SDKROOT = iphoneos;
				SWIFT_OPTIMIZATION_LEVEL = "-Owholemodule";
				TARGETED_DEVICE_FAMILY = "1,2";
				VALIDATE_PRODUCT = YES;
			};
			name = Release;
		};
		9036DEBB1DED7E2800567827 /* Debug */ = {
			isa = XCBuildConfiguration;
			buildSettings = {
				ASSETCATALOG_COMPILER_APPICON_NAME = AppIcon;
				DEVELOPMENT_TEAM = J2YTLC2SAF;
				FRAMEWORK_SEARCH_PATHS = (
					"$(inherited)",
					"$(PROJECT_DIR)/OnTheMap",
				);
				INFOPLIST_FILE = OnTheMap/Info.plist;
				IPHONEOS_DEPLOYMENT_TARGET = 10.0;
				LD_RUNPATH_SEARCH_PATHS = "$(inherited) @executable_path/Frameworks";
				PRODUCT_BUNDLE_IDENTIFIER = de.brinkop.andre.OnTheMap;
				PRODUCT_NAME = "$(TARGET_NAME)";
				SWIFT_VERSION = 3.0;
			};
			name = Debug;
		};
		9036DEBC1DED7E2800567827 /* Release */ = {
			isa = XCBuildConfiguration;
			buildSettings = {
				ASSETCATALOG_COMPILER_APPICON_NAME = AppIcon;
				DEVELOPMENT_TEAM = J2YTLC2SAF;
				FRAMEWORK_SEARCH_PATHS = (
					"$(inherited)",
					"$(PROJECT_DIR)/OnTheMap",
				);
				INFOPLIST_FILE = OnTheMap/Info.plist;
				IPHONEOS_DEPLOYMENT_TARGET = 10.0;
				LD_RUNPATH_SEARCH_PATHS = "$(inherited) @executable_path/Frameworks";
				PRODUCT_BUNDLE_IDENTIFIER = de.brinkop.andre.OnTheMap;
				PRODUCT_NAME = "$(TARGET_NAME)";
				SWIFT_VERSION = 3.0;
			};
			name = Release;
		};
/* End XCBuildConfiguration section */

/* Begin XCConfigurationList section */
		9036DEA31DED7E2800567827 /* Build configuration list for PBXProject "OnTheMap" */ = {
			isa = XCConfigurationList;
			buildConfigurations = (
				9036DEB81DED7E2800567827 /* Debug */,
				9036DEB91DED7E2800567827 /* Release */,
			);
			defaultConfigurationIsVisible = 0;
			defaultConfigurationName = Release;
		};
		9036DEBA1DED7E2800567827 /* Build configuration list for PBXNativeTarget "OnTheMap" */ = {
			isa = XCConfigurationList;
			buildConfigurations = (
				9036DEBB1DED7E2800567827 /* Debug */,
				9036DEBC1DED7E2800567827 /* Release */,
			);
			defaultConfigurationIsVisible = 0;
			defaultConfigurationName = Release;
		};
/* End XCConfigurationList section */
	};
	rootObject = 9036DEA01DED7E2800567827 /* Project object */;
}
